// !$*UTF8*$!
{
	archiveVersion = 1;
	classes = {
	};
	objectVersion = 55;
	objects = {

/* Begin PBXBuildFile section */
		4CE9B95D0E53F3253D462698 /* Pods_Instagram_InstagramUITests.framework in Frameworks */ = {isa = PBXBuildFile; fileRef = 35CB814BA8BEF5E5D2E9CCE8 /* Pods_Instagram_InstagramUITests.framework */; };
		D0723E94EB4C42CFA485879E /* Pods_Instagram.framework in Frameworks */ = {isa = PBXBuildFile; fileRef = 05A2496DD6A5D5DB8FAC551B /* Pods_Instagram.framework */; };
		D304D908018693DFE5A3F954 /* Pods_InstagramTests.framework in Frameworks */ = {isa = PBXBuildFile; fileRef = BFADE9ADE4485E32F9692396 /* Pods_InstagramTests.framework */; };
		F055C16D286A0BD70037DAB0 /* AppDelegate.m in Sources */ = {isa = PBXBuildFile; fileRef = F055C16C286A0BD70037DAB0 /* AppDelegate.m */; };
		F055C170286A0BD70037DAB0 /* SceneDelegate.m in Sources */ = {isa = PBXBuildFile; fileRef = F055C16F286A0BD70037DAB0 /* SceneDelegate.m */; };
		F055C176286A0BD70037DAB0 /* Main.storyboard in Resources */ = {isa = PBXBuildFile; fileRef = F055C174286A0BD70037DAB0 /* Main.storyboard */; };
		F055C178286A0BD70037DAB0 /* Assets.xcassets in Resources */ = {isa = PBXBuildFile; fileRef = F055C177286A0BD70037DAB0 /* Assets.xcassets */; };
		F055C17B286A0BD70037DAB0 /* LaunchScreen.storyboard in Resources */ = {isa = PBXBuildFile; fileRef = F055C179286A0BD70037DAB0 /* LaunchScreen.storyboard */; };
		F055C17E286A0BD70037DAB0 /* main.m in Sources */ = {isa = PBXBuildFile; fileRef = F055C17D286A0BD70037DAB0 /* main.m */; };
		F055C188286A0BD80037DAB0 /* InstagramTests.m in Sources */ = {isa = PBXBuildFile; fileRef = F055C187286A0BD80037DAB0 /* InstagramTests.m */; };
		F055C192286A0BD80037DAB0 /* InstagramUITests.m in Sources */ = {isa = PBXBuildFile; fileRef = F055C191286A0BD80037DAB0 /* InstagramUITests.m */; };
		F055C194286A0BD80037DAB0 /* InstagramUITestsLaunchTests.m in Sources */ = {isa = PBXBuildFile; fileRef = F055C193286A0BD80037DAB0 /* InstagramUITestsLaunchTests.m */; };
		F055C1A8286A1C1D0037DAB0 /* Keys.plist in Resources */ = {isa = PBXBuildFile; fileRef = F055C1A7286A1C1D0037DAB0 /* Keys.plist */; };
		F055C1AB286A228B0037DAB0 /* LoginViewController.m in Sources */ = {isa = PBXBuildFile; fileRef = F055C1AA286A228B0037DAB0 /* LoginViewController.m */; };
		F055C1AE286A27900037DAB0 /* HomeViewController.m in Sources */ = {isa = PBXBuildFile; fileRef = F055C1AD286A27900037DAB0 /* HomeViewController.m */; };
		F055C1B4286A2BED0037DAB0 /* FeedCell.m in Sources */ = {isa = PBXBuildFile; fileRef = F055C1B3286A2BED0037DAB0 /* FeedCell.m */; };
		F055C1BA286A2CAA0037DAB0 /* Post.m in Sources */ = {isa = PBXBuildFile; fileRef = F055C1B9286A2CAA0037DAB0 /* Post.m */; };
		F055C1BE286A2D1B0037DAB0 /* User.m in Sources */ = {isa = PBXBuildFile; fileRef = F055C1BD286A2D1B0037DAB0 /* User.m */; };
		F055C1C1286A2FFF0037DAB0 /* ComposeViewController.m in Sources */ = {isa = PBXBuildFile; fileRef = F055C1C0286A2FFF0037DAB0 /* ComposeViewController.m */; };
		F055C1C4286A580E0037DAB0 /* DetailsViewController.m in Sources */ = {isa = PBXBuildFile; fileRef = F055C1C3286A580E0037DAB0 /* DetailsViewController.m */; };
		F055C1C7286B5CB40037DAB0 /* DetailsView.m in Sources */ = {isa = PBXBuildFile; fileRef = F055C1C6286B5CB40037DAB0 /* DetailsView.m */; };
		F055C1CD286B7E030037DAB0 /* FeedTableViewController.m in Sources */ = {isa = PBXBuildFile; fileRef = F055C1CC286B7E030037DAB0 /* FeedTableViewController.m */; };
		F055C1D0286BB6990037DAB0 /* ProfileViewController.m in Sources */ = {isa = PBXBuildFile; fileRef = F055C1CF286BB6990037DAB0 /* ProfileViewController.m */; };
		F055C1DE286D147B0037DAB0 /* FeedHeaderView.xib in Resources */ = {isa = PBXBuildFile; fileRef = F055C1DD286D147B0037DAB0 /* FeedHeaderView.xib */; };
		F055C1E1286D15C70037DAB0 /* FeedHeaderView.m in Sources */ = {isa = PBXBuildFile; fileRef = F055C1E0286D15C70037DAB0 /* FeedHeaderView.m */; };
/* End PBXBuildFile section */

/* Begin PBXContainerItemProxy section */
		F055C184286A0BD80037DAB0 /* PBXContainerItemProxy */ = {
			isa = PBXContainerItemProxy;
			containerPortal = F055C160286A0BD70037DAB0 /* Project object */;
			proxyType = 1;
			remoteGlobalIDString = F055C167286A0BD70037DAB0;
			remoteInfo = Instagram;
		};
		F055C18E286A0BD80037DAB0 /* PBXContainerItemProxy */ = {
			isa = PBXContainerItemProxy;
			containerPortal = F055C160286A0BD70037DAB0 /* Project object */;
			proxyType = 1;
			remoteGlobalIDString = F055C167286A0BD70037DAB0;
			remoteInfo = Instagram;
		};
/* End PBXContainerItemProxy section */

/* Begin PBXFileReference section */
		05A2496DD6A5D5DB8FAC551B /* Pods_Instagram.framework */ = {isa = PBXFileReference; explicitFileType = wrapper.framework; includeInIndex = 0; path = Pods_Instagram.framework; sourceTree = BUILT_PRODUCTS_DIR; };
		31BEC0CED12E98870927385C /* Pods-Instagram-InstagramUITests.release.xcconfig */ = {isa = PBXFileReference; includeInIndex = 1; lastKnownFileType = text.xcconfig; name = "Pods-Instagram-InstagramUITests.release.xcconfig"; path = "Target Support Files/Pods-Instagram-InstagramUITests/Pods-Instagram-InstagramUITests.release.xcconfig"; sourceTree = "<group>"; };
		35CB814BA8BEF5E5D2E9CCE8 /* Pods_Instagram_InstagramUITests.framework */ = {isa = PBXFileReference; explicitFileType = wrapper.framework; includeInIndex = 0; path = Pods_Instagram_InstagramUITests.framework; sourceTree = BUILT_PRODUCTS_DIR; };
		73892F7C7AF6ADC0450DC793 /* Pods-Instagram.debug.xcconfig */ = {isa = PBXFileReference; includeInIndex = 1; lastKnownFileType = text.xcconfig; name = "Pods-Instagram.debug.xcconfig"; path = "Target Support Files/Pods-Instagram/Pods-Instagram.debug.xcconfig"; sourceTree = "<group>"; };
		8DA777CDB08E36C56D373D00 /* Pods-InstagramTests.release.xcconfig */ = {isa = PBXFileReference; includeInIndex = 1; lastKnownFileType = text.xcconfig; name = "Pods-InstagramTests.release.xcconfig"; path = "Target Support Files/Pods-InstagramTests/Pods-InstagramTests.release.xcconfig"; sourceTree = "<group>"; };
		8E4AC9977F5140714F478546 /* Pods-Instagram-InstagramUITests.debug.xcconfig */ = {isa = PBXFileReference; includeInIndex = 1; lastKnownFileType = text.xcconfig; name = "Pods-Instagram-InstagramUITests.debug.xcconfig"; path = "Target Support Files/Pods-Instagram-InstagramUITests/Pods-Instagram-InstagramUITests.debug.xcconfig"; sourceTree = "<group>"; };
		93DEB7AD4D694C29703E8780 /* Pods-InstagramTests.debug.xcconfig */ = {isa = PBXFileReference; includeInIndex = 1; lastKnownFileType = text.xcconfig; name = "Pods-InstagramTests.debug.xcconfig"; path = "Target Support Files/Pods-InstagramTests/Pods-InstagramTests.debug.xcconfig"; sourceTree = "<group>"; };
		9A3881AE620A7740EAB227F8 /* Pods-Instagram.release.xcconfig */ = {isa = PBXFileReference; includeInIndex = 1; lastKnownFileType = text.xcconfig; name = "Pods-Instagram.release.xcconfig"; path = "Target Support Files/Pods-Instagram/Pods-Instagram.release.xcconfig"; sourceTree = "<group>"; };
		BFADE9ADE4485E32F9692396 /* Pods_InstagramTests.framework */ = {isa = PBXFileReference; explicitFileType = wrapper.framework; includeInIndex = 0; path = Pods_InstagramTests.framework; sourceTree = BUILT_PRODUCTS_DIR; };
		F055C168286A0BD70037DAB0 /* Instagram.app */ = {isa = PBXFileReference; explicitFileType = wrapper.application; includeInIndex = 0; path = Instagram.app; sourceTree = BUILT_PRODUCTS_DIR; };
		F055C16B286A0BD70037DAB0 /* AppDelegate.h */ = {isa = PBXFileReference; lastKnownFileType = sourcecode.c.h; path = AppDelegate.h; sourceTree = "<group>"; };
		F055C16C286A0BD70037DAB0 /* AppDelegate.m */ = {isa = PBXFileReference; lastKnownFileType = sourcecode.c.objc; path = AppDelegate.m; sourceTree = "<group>"; };
		F055C16E286A0BD70037DAB0 /* SceneDelegate.h */ = {isa = PBXFileReference; lastKnownFileType = sourcecode.c.h; path = SceneDelegate.h; sourceTree = "<group>"; };
		F055C16F286A0BD70037DAB0 /* SceneDelegate.m */ = {isa = PBXFileReference; lastKnownFileType = sourcecode.c.objc; path = SceneDelegate.m; sourceTree = "<group>"; };
		F055C175286A0BD70037DAB0 /* Base */ = {isa = PBXFileReference; lastKnownFileType = file.storyboard; name = Base; path = Base.lproj/Main.storyboard; sourceTree = "<group>"; };
		F055C177286A0BD70037DAB0 /* Assets.xcassets */ = {isa = PBXFileReference; lastKnownFileType = folder.assetcatalog; path = Assets.xcassets; sourceTree = "<group>"; };
		F055C17A286A0BD70037DAB0 /* Base */ = {isa = PBXFileReference; lastKnownFileType = file.storyboard; name = Base; path = Base.lproj/LaunchScreen.storyboard; sourceTree = "<group>"; };
		F055C17C286A0BD70037DAB0 /* Info.plist */ = {isa = PBXFileReference; lastKnownFileType = text.plist.xml; path = Info.plist; sourceTree = "<group>"; };
		F055C17D286A0BD70037DAB0 /* main.m */ = {isa = PBXFileReference; lastKnownFileType = sourcecode.c.objc; path = main.m; sourceTree = "<group>"; };
		F055C183286A0BD80037DAB0 /* InstagramTests.xctest */ = {isa = PBXFileReference; explicitFileType = wrapper.cfbundle; includeInIndex = 0; path = InstagramTests.xctest; sourceTree = BUILT_PRODUCTS_DIR; };
		F055C187286A0BD80037DAB0 /* InstagramTests.m */ = {isa = PBXFileReference; lastKnownFileType = sourcecode.c.objc; path = InstagramTests.m; sourceTree = "<group>"; };
		F055C18D286A0BD80037DAB0 /* InstagramUITests.xctest */ = {isa = PBXFileReference; explicitFileType = wrapper.cfbundle; includeInIndex = 0; path = InstagramUITests.xctest; sourceTree = BUILT_PRODUCTS_DIR; };
		F055C191286A0BD80037DAB0 /* InstagramUITests.m */ = {isa = PBXFileReference; lastKnownFileType = sourcecode.c.objc; path = InstagramUITests.m; sourceTree = "<group>"; };
		F055C193286A0BD80037DAB0 /* InstagramUITestsLaunchTests.m */ = {isa = PBXFileReference; lastKnownFileType = sourcecode.c.objc; path = InstagramUITestsLaunchTests.m; sourceTree = "<group>"; };
		F055C1A7286A1C1D0037DAB0 /* Keys.plist */ = {isa = PBXFileReference; lastKnownFileType = text.plist.xml; path = Keys.plist; sourceTree = "<group>"; };
		F055C1A9286A228B0037DAB0 /* LoginViewController.h */ = {isa = PBXFileReference; lastKnownFileType = sourcecode.c.h; path = LoginViewController.h; sourceTree = "<group>"; };
		F055C1AA286A228B0037DAB0 /* LoginViewController.m */ = {isa = PBXFileReference; lastKnownFileType = sourcecode.c.objc; path = LoginViewController.m; sourceTree = "<group>"; };
		F055C1AC286A27900037DAB0 /* HomeViewController.h */ = {isa = PBXFileReference; lastKnownFileType = sourcecode.c.h; path = HomeViewController.h; sourceTree = "<group>"; };
		F055C1AD286A27900037DAB0 /* HomeViewController.m */ = {isa = PBXFileReference; lastKnownFileType = sourcecode.c.objc; path = HomeViewController.m; sourceTree = "<group>"; };
		F055C1B2286A2BED0037DAB0 /* FeedCell.h */ = {isa = PBXFileReference; lastKnownFileType = sourcecode.c.h; path = FeedCell.h; sourceTree = "<group>"; };
		F055C1B3286A2BED0037DAB0 /* FeedCell.m */ = {isa = PBXFileReference; lastKnownFileType = sourcecode.c.objc; path = FeedCell.m; sourceTree = "<group>"; };
		F055C1B8286A2CAA0037DAB0 /* Post.h */ = {isa = PBXFileReference; lastKnownFileType = sourcecode.c.h; path = Post.h; sourceTree = "<group>"; };
		F055C1B9286A2CAA0037DAB0 /* Post.m */ = {isa = PBXFileReference; lastKnownFileType = sourcecode.c.objc; path = Post.m; sourceTree = "<group>"; };
		F055C1BC286A2D1B0037DAB0 /* User.h */ = {isa = PBXFileReference; lastKnownFileType = sourcecode.c.h; path = User.h; sourceTree = "<group>"; };
		F055C1BD286A2D1B0037DAB0 /* User.m */ = {isa = PBXFileReference; lastKnownFileType = sourcecode.c.objc; path = User.m; sourceTree = "<group>"; };
		F055C1BF286A2FFF0037DAB0 /* ComposeViewController.h */ = {isa = PBXFileReference; lastKnownFileType = sourcecode.c.h; path = ComposeViewController.h; sourceTree = "<group>"; };
		F055C1C0286A2FFF0037DAB0 /* ComposeViewController.m */ = {isa = PBXFileReference; lastKnownFileType = sourcecode.c.objc; path = ComposeViewController.m; sourceTree = "<group>"; };
		F055C1C2286A580E0037DAB0 /* DetailsViewController.h */ = {isa = PBXFileReference; lastKnownFileType = sourcecode.c.h; path = DetailsViewController.h; sourceTree = "<group>"; };
		F055C1C3286A580E0037DAB0 /* DetailsViewController.m */ = {isa = PBXFileReference; lastKnownFileType = sourcecode.c.objc; path = DetailsViewController.m; sourceTree = "<group>"; };
		F055C1C5286B5CB40037DAB0 /* DetailsView.h */ = {isa = PBXFileReference; lastKnownFileType = sourcecode.c.h; path = DetailsView.h; sourceTree = "<group>"; };
		F055C1C6286B5CB40037DAB0 /* DetailsView.m */ = {isa = PBXFileReference; lastKnownFileType = sourcecode.c.objc; path = DetailsView.m; sourceTree = "<group>"; };
		F055C1CB286B7E030037DAB0 /* FeedTableViewController.h */ = {isa = PBXFileReference; lastKnownFileType = sourcecode.c.h; path = FeedTableViewController.h; sourceTree = "<group>"; };
		F055C1CC286B7E030037DAB0 /* FeedTableViewController.m */ = {isa = PBXFileReference; lastKnownFileType = sourcecode.c.objc; path = FeedTableViewController.m; sourceTree = "<group>"; };
		F055C1CE286BB6990037DAB0 /* ProfileViewController.h */ = {isa = PBXFileReference; lastKnownFileType = sourcecode.c.h; path = ProfileViewController.h; sourceTree = "<group>"; };
		F055C1CF286BB6990037DAB0 /* ProfileViewController.m */ = {isa = PBXFileReference; lastKnownFileType = sourcecode.c.objc; path = ProfileViewController.m; sourceTree = "<group>"; };
		F055C1DD286D147B0037DAB0 /* FeedHeaderView.xib */ = {isa = PBXFileReference; lastKnownFileType = file.xib; name = FeedHeaderView.xib; path = Instagram/Views/FeedHeaderView.xib; sourceTree = SOURCE_ROOT; };
		F055C1DF286D15C70037DAB0 /* FeedHeaderView.h */ = {isa = PBXFileReference; lastKnownFileType = sourcecode.c.h; path = FeedHeaderView.h; sourceTree = "<group>"; };
		F055C1E0286D15C70037DAB0 /* FeedHeaderView.m */ = {isa = PBXFileReference; lastKnownFileType = sourcecode.c.objc; path = FeedHeaderView.m; sourceTree = "<group>"; };
/* End PBXFileReference section */

/* Begin PBXFrameworksBuildPhase section */
		F055C165286A0BD70037DAB0 /* Frameworks */ = {
			isa = PBXFrameworksBuildPhase;
			buildActionMask = 2147483647;
			files = (
				D0723E94EB4C42CFA485879E /* Pods_Instagram.framework in Frameworks */,
			);
			runOnlyForDeploymentPostprocessing = 0;
		};
		F055C180286A0BD80037DAB0 /* Frameworks */ = {
			isa = PBXFrameworksBuildPhase;
			buildActionMask = 2147483647;
			files = (
				D304D908018693DFE5A3F954 /* Pods_InstagramTests.framework in Frameworks */,
			);
			runOnlyForDeploymentPostprocessing = 0;
		};
		F055C18A286A0BD80037DAB0 /* Frameworks */ = {
			isa = PBXFrameworksBuildPhase;
			buildActionMask = 2147483647;
			files = (
				4CE9B95D0E53F3253D462698 /* Pods_Instagram_InstagramUITests.framework in Frameworks */,
			);
			runOnlyForDeploymentPostprocessing = 0;
		};
/* End PBXFrameworksBuildPhase section */

/* Begin PBXGroup section */
		42063E66EC42CA660AED6EC5 /* Frameworks */ = {
			isa = PBXGroup;
			children = (
				05A2496DD6A5D5DB8FAC551B /* Pods_Instagram.framework */,
				35CB814BA8BEF5E5D2E9CCE8 /* Pods_Instagram_InstagramUITests.framework */,
				BFADE9ADE4485E32F9692396 /* Pods_InstagramTests.framework */,
			);
			name = Frameworks;
			sourceTree = "<group>";
		};
		8A16D38CCDE614A87AE74482 /* Pods */ = {
			isa = PBXGroup;
			children = (
				73892F7C7AF6ADC0450DC793 /* Pods-Instagram.debug.xcconfig */,
				9A3881AE620A7740EAB227F8 /* Pods-Instagram.release.xcconfig */,
				8E4AC9977F5140714F478546 /* Pods-Instagram-InstagramUITests.debug.xcconfig */,
				31BEC0CED12E98870927385C /* Pods-Instagram-InstagramUITests.release.xcconfig */,
				93DEB7AD4D694C29703E8780 /* Pods-InstagramTests.debug.xcconfig */,
				8DA777CDB08E36C56D373D00 /* Pods-InstagramTests.release.xcconfig */,
			);
			path = Pods;
			sourceTree = "<group>";
		};
		F055C15F286A0BD70037DAB0 = {
			isa = PBXGroup;
			children = (
				F055C16A286A0BD70037DAB0 /* Instagram */,
				F055C186286A0BD80037DAB0 /* InstagramTests */,
				F055C190286A0BD80037DAB0 /* InstagramUITests */,
				F055C169286A0BD70037DAB0 /* Products */,
				8A16D38CCDE614A87AE74482 /* Pods */,
				42063E66EC42CA660AED6EC5 /* Frameworks */,
			);
			sourceTree = "<group>";
		};
		F055C169286A0BD70037DAB0 /* Products */ = {
			isa = PBXGroup;
			children = (
				F055C168286A0BD70037DAB0 /* Instagram.app */,
				F055C183286A0BD80037DAB0 /* InstagramTests.xctest */,
				F055C18D286A0BD80037DAB0 /* InstagramUITests.xctest */,
			);
			name = Products;
			sourceTree = "<group>";
		};
		F055C16A286A0BD70037DAB0 /* Instagram */ = {
			isa = PBXGroup;
			children = (
				F055C16B286A0BD70037DAB0 /* AppDelegate.h */,
				F055C16C286A0BD70037DAB0 /* AppDelegate.m */,
				F055C16E286A0BD70037DAB0 /* SceneDelegate.h */,
				F055C1A6286A1B7C0037DAB0 /* View Controllers */,
				F055C1B5286A2BF20037DAB0 /* Views */,
				F055C1BB286A2CB10037DAB0 /* Models */,
				F055C16F286A0BD70037DAB0 /* SceneDelegate.m */,
				F055C174286A0BD70037DAB0 /* Main.storyboard */,
				F055C177286A0BD70037DAB0 /* Assets.xcassets */,
				F055C179286A0BD70037DAB0 /* LaunchScreen.storyboard */,
				F055C17C286A0BD70037DAB0 /* Info.plist */,
				F055C17D286A0BD70037DAB0 /* main.m */,
				F055C1A7286A1C1D0037DAB0 /* Keys.plist */,
			);
			path = Instagram;
			sourceTree = "<group>";
		};
		F055C186286A0BD80037DAB0 /* InstagramTests */ = {
			isa = PBXGroup;
			children = (
				F055C187286A0BD80037DAB0 /* InstagramTests.m */,
			);
			path = InstagramTests;
			sourceTree = "<group>";
		};
		F055C190286A0BD80037DAB0 /* InstagramUITests */ = {
			isa = PBXGroup;
			children = (
				F055C191286A0BD80037DAB0 /* InstagramUITests.m */,
				F055C193286A0BD80037DAB0 /* InstagramUITestsLaunchTests.m */,
			);
			path = InstagramUITests;
			sourceTree = "<group>";
		};
		F055C1A6286A1B7C0037DAB0 /* View Controllers */ = {
			isa = PBXGroup;
			children = (
				F055C1A9286A228B0037DAB0 /* LoginViewController.h */,
				F055C1AA286A228B0037DAB0 /* LoginViewController.m */,
				F055C1AC286A27900037DAB0 /* HomeViewController.h */,
				F055C1AD286A27900037DAB0 /* HomeViewController.m */,
				F055C1BF286A2FFF0037DAB0 /* ComposeViewController.h */,
				F055C1C0286A2FFF0037DAB0 /* ComposeViewController.m */,
				F055C1C2286A580E0037DAB0 /* DetailsViewController.h */,
				F055C1C3286A580E0037DAB0 /* DetailsViewController.m */,
				F055C1CB286B7E030037DAB0 /* FeedTableViewController.h */,
				F055C1CC286B7E030037DAB0 /* FeedTableViewController.m */,
				F055C1CE286BB6990037DAB0 /* ProfileViewController.h */,
				F055C1CF286BB6990037DAB0 /* ProfileViewController.m */,
			);
			path = "View Controllers";
			sourceTree = "<group>";
		};
		F055C1B5286A2BF20037DAB0 /* Views */ = {
			isa = PBXGroup;
			children = (
				F055C1B2286A2BED0037DAB0 /* FeedCell.h */,
				F055C1B3286A2BED0037DAB0 /* FeedCell.m */,
				F055C1C5286B5CB40037DAB0 /* DetailsView.h */,
				F055C1C6286B5CB40037DAB0 /* DetailsView.m */,
				F055C1DD286D147B0037DAB0 /* FeedHeaderView.xib */,
				F055C1DF286D15C70037DAB0 /* FeedHeaderView.h */,
				F055C1E0286D15C70037DAB0 /* FeedHeaderView.m */,
			);
			path = Views;
			sourceTree = "<group>";
		};
		F055C1BB286A2CB10037DAB0 /* Models */ = {
			isa = PBXGroup;
			children = (
				F055C1B8286A2CAA0037DAB0 /* Post.h */,
				F055C1B9286A2CAA0037DAB0 /* Post.m */,
				F055C1BC286A2D1B0037DAB0 /* User.h */,
				F055C1BD286A2D1B0037DAB0 /* User.m */,
			);
			path = Models;
			sourceTree = "<group>";
		};
/* End PBXGroup section */

/* Begin PBXNativeTarget section */
		F055C167286A0BD70037DAB0 /* Instagram */ = {
			isa = PBXNativeTarget;
			buildConfigurationList = F055C197286A0BD80037DAB0 /* Build configuration list for PBXNativeTarget "Instagram" */;
			buildPhases = (
				665E255A4821E6E06268637F /* [CP] Check Pods Manifest.lock */,
				F055C164286A0BD70037DAB0 /* Sources */,
				F055C165286A0BD70037DAB0 /* Frameworks */,
				F055C166286A0BD70037DAB0 /* Resources */,
				C76F9C464AB57077F19E90BD /* [CP] Embed Pods Frameworks */,
			);
			buildRules = (
			);
			dependencies = (
			);
			name = Instagram;
			productName = Instagram;
			productReference = F055C168286A0BD70037DAB0 /* Instagram.app */;
			productType = "com.apple.product-type.application";
		};
		F055C182286A0BD80037DAB0 /* InstagramTests */ = {
			isa = PBXNativeTarget;
			buildConfigurationList = F055C19A286A0BD80037DAB0 /* Build configuration list for PBXNativeTarget "InstagramTests" */;
			buildPhases = (
				AFEE8084FA294CDF46EE4F98 /* [CP] Check Pods Manifest.lock */,
				F055C17F286A0BD80037DAB0 /* Sources */,
				F055C180286A0BD80037DAB0 /* Frameworks */,
				F055C181286A0BD80037DAB0 /* Resources */,
			);
			buildRules = (
			);
			dependencies = (
				F055C185286A0BD80037DAB0 /* PBXTargetDependency */,
			);
			name = InstagramTests;
			productName = InstagramTests;
			productReference = F055C183286A0BD80037DAB0 /* InstagramTests.xctest */;
			productType = "com.apple.product-type.bundle.unit-test";
		};
		F055C18C286A0BD80037DAB0 /* InstagramUITests */ = {
			isa = PBXNativeTarget;
			buildConfigurationList = F055C19D286A0BD80037DAB0 /* Build configuration list for PBXNativeTarget "InstagramUITests" */;
			buildPhases = (
				928C0016BC8EC08F82C815F5 /* [CP] Check Pods Manifest.lock */,
				F055C189286A0BD80037DAB0 /* Sources */,
				F055C18A286A0BD80037DAB0 /* Frameworks */,
				F055C18B286A0BD80037DAB0 /* Resources */,
				9FA8BCE50F1F98EBC2FB886A /* [CP] Embed Pods Frameworks */,
			);
			buildRules = (
			);
			dependencies = (
				F055C18F286A0BD80037DAB0 /* PBXTargetDependency */,
			);
			name = InstagramUITests;
			productName = InstagramUITests;
			productReference = F055C18D286A0BD80037DAB0 /* InstagramUITests.xctest */;
			productType = "com.apple.product-type.bundle.ui-testing";
		};
/* End PBXNativeTarget section */

/* Begin PBXProject section */
		F055C160286A0BD70037DAB0 /* Project object */ = {
			isa = PBXProject;
			attributes = {
				BuildIndependentTargetsInParallel = 1;
				LastUpgradeCheck = 1340;
				TargetAttributes = {
					F055C167286A0BD70037DAB0 = {
						CreatedOnToolsVersion = 13.4.1;
					};
					F055C182286A0BD80037DAB0 = {
						CreatedOnToolsVersion = 13.4.1;
						TestTargetID = F055C167286A0BD70037DAB0;
					};
					F055C18C286A0BD80037DAB0 = {
						CreatedOnToolsVersion = 13.4.1;
						TestTargetID = F055C167286A0BD70037DAB0;
					};
				};
			};
			buildConfigurationList = F055C163286A0BD70037DAB0 /* Build configuration list for PBXProject "Instagram" */;
			compatibilityVersion = "Xcode 13.0";
			developmentRegion = en;
			hasScannedForEncodings = 0;
			knownRegions = (
				en,
				Base,
			);
			mainGroup = F055C15F286A0BD70037DAB0;
			productRefGroup = F055C169286A0BD70037DAB0 /* Products */;
			projectDirPath = "";
			projectRoot = "";
			targets = (
				F055C167286A0BD70037DAB0 /* Instagram */,
				F055C182286A0BD80037DAB0 /* InstagramTests */,
				F055C18C286A0BD80037DAB0 /* InstagramUITests */,
			);
		};
/* End PBXProject section */

/* Begin PBXResourcesBuildPhase section */
		F055C166286A0BD70037DAB0 /* Resources */ = {
			isa = PBXResourcesBuildPhase;
			buildActionMask = 2147483647;
			files = (
				F055C1A8286A1C1D0037DAB0 /* Keys.plist in Resources */,
				F055C17B286A0BD70037DAB0 /* LaunchScreen.storyboard in Resources */,
				F055C1DE286D147B0037DAB0 /* FeedHeaderView.xib in Resources */,
				F055C178286A0BD70037DAB0 /* Assets.xcassets in Resources */,
				F055C176286A0BD70037DAB0 /* Main.storyboard in Resources */,
			);
			runOnlyForDeploymentPostprocessing = 0;
		};
		F055C181286A0BD80037DAB0 /* Resources */ = {
			isa = PBXResourcesBuildPhase;
			buildActionMask = 2147483647;
			files = (
			);
			runOnlyForDeploymentPostprocessing = 0;
		};
		F055C18B286A0BD80037DAB0 /* Resources */ = {
			isa = PBXResourcesBuildPhase;
			buildActionMask = 2147483647;
			files = (
			);
			runOnlyForDeploymentPostprocessing = 0;
		};
/* End PBXResourcesBuildPhase section */

/* Begin PBXShellScriptBuildPhase section */
		665E255A4821E6E06268637F /* [CP] Check Pods Manifest.lock */ = {
			isa = PBXShellScriptBuildPhase;
			buildActionMask = 2147483647;
			files = (
			);
			inputFileListPaths = (
			);
			inputPaths = (
				"${PODS_PODFILE_DIR_PATH}/Podfile.lock",
				"${PODS_ROOT}/Manifest.lock",
			);
			name = "[CP] Check Pods Manifest.lock";
			outputFileListPaths = (
			);
			outputPaths = (
				"$(DERIVED_FILE_DIR)/Pods-Instagram-checkManifestLockResult.txt",
			);
			runOnlyForDeploymentPostprocessing = 0;
			shellPath = /bin/sh;
			shellScript = "diff \"${PODS_PODFILE_DIR_PATH}/Podfile.lock\" \"${PODS_ROOT}/Manifest.lock\" > /dev/null\nif [ $? != 0 ] ; then\n    # print error to STDERR\n    echo \"error: The sandbox is not in sync with the Podfile.lock. Run 'pod install' or update your CocoaPods installation.\" >&2\n    exit 1\nfi\n# This output is used by Xcode 'outputs' to avoid re-running this script phase.\necho \"SUCCESS\" > \"${SCRIPT_OUTPUT_FILE_0}\"\n";
			showEnvVarsInLog = 0;
		};
		928C0016BC8EC08F82C815F5 /* [CP] Check Pods Manifest.lock */ = {
			isa = PBXShellScriptBuildPhase;
			buildActionMask = 2147483647;
			files = (
			);
			inputFileListPaths = (
			);
			inputPaths = (
				"${PODS_PODFILE_DIR_PATH}/Podfile.lock",
				"${PODS_ROOT}/Manifest.lock",
			);
			name = "[CP] Check Pods Manifest.lock";
			outputFileListPaths = (
			);
			outputPaths = (
				"$(DERIVED_FILE_DIR)/Pods-Instagram-InstagramUITests-checkManifestLockResult.txt",
			);
			runOnlyForDeploymentPostprocessing = 0;
			shellPath = /bin/sh;
			shellScript = "diff \"${PODS_PODFILE_DIR_PATH}/Podfile.lock\" \"${PODS_ROOT}/Manifest.lock\" > /dev/null\nif [ $? != 0 ] ; then\n    # print error to STDERR\n    echo \"error: The sandbox is not in sync with the Podfile.lock. Run 'pod install' or update your CocoaPods installation.\" >&2\n    exit 1\nfi\n# This output is used by Xcode 'outputs' to avoid re-running this script phase.\necho \"SUCCESS\" > \"${SCRIPT_OUTPUT_FILE_0}\"\n";
			showEnvVarsInLog = 0;
		};
		9FA8BCE50F1F98EBC2FB886A /* [CP] Embed Pods Frameworks */ = {
			isa = PBXShellScriptBuildPhase;
			buildActionMask = 2147483647;
			files = (
			);
			inputFileListPaths = (
				"${PODS_ROOT}/Target Support Files/Pods-Instagram-InstagramUITests/Pods-Instagram-InstagramUITests-frameworks-${CONFIGURATION}-input-files.xcfilelist",
			);
			name = "[CP] Embed Pods Frameworks";
			outputFileListPaths = (
				"${PODS_ROOT}/Target Support Files/Pods-Instagram-InstagramUITests/Pods-Instagram-InstagramUITests-frameworks-${CONFIGURATION}-output-files.xcfilelist",
			);
			runOnlyForDeploymentPostprocessing = 0;
			shellPath = /bin/sh;
			shellScript = "\"${PODS_ROOT}/Target Support Files/Pods-Instagram-InstagramUITests/Pods-Instagram-InstagramUITests-frameworks.sh\"\n";
			showEnvVarsInLog = 0;
		};
		AFEE8084FA294CDF46EE4F98 /* [CP] Check Pods Manifest.lock */ = {
			isa = PBXShellScriptBuildPhase;
			buildActionMask = 2147483647;
			files = (
			);
			inputFileListPaths = (
			);
			inputPaths = (
				"${PODS_PODFILE_DIR_PATH}/Podfile.lock",
				"${PODS_ROOT}/Manifest.lock",
			);
			name = "[CP] Check Pods Manifest.lock";
			outputFileListPaths = (
			);
			outputPaths = (
				"$(DERIVED_FILE_DIR)/Pods-InstagramTests-checkManifestLockResult.txt",
			);
			runOnlyForDeploymentPostprocessing = 0;
			shellPath = /bin/sh;
			shellScript = "diff \"${PODS_PODFILE_DIR_PATH}/Podfile.lock\" \"${PODS_ROOT}/Manifest.lock\" > /dev/null\nif [ $? != 0 ] ; then\n    # print error to STDERR\n    echo \"error: The sandbox is not in sync with the Podfile.lock. Run 'pod install' or update your CocoaPods installation.\" >&2\n    exit 1\nfi\n# This output is used by Xcode 'outputs' to avoid re-running this script phase.\necho \"SUCCESS\" > \"${SCRIPT_OUTPUT_FILE_0}\"\n";
			showEnvVarsInLog = 0;
		};
		C76F9C464AB57077F19E90BD /* [CP] Embed Pods Frameworks */ = {
			isa = PBXShellScriptBuildPhase;
			buildActionMask = 2147483647;
			files = (
			);
			inputFileListPaths = (
				"${PODS_ROOT}/Target Support Files/Pods-Instagram/Pods-Instagram-frameworks-${CONFIGURATION}-input-files.xcfilelist",
			);
			name = "[CP] Embed Pods Frameworks";
			outputFileListPaths = (
				"${PODS_ROOT}/Target Support Files/Pods-Instagram/Pods-Instagram-frameworks-${CONFIGURATION}-output-files.xcfilelist",
			);
			runOnlyForDeploymentPostprocessing = 0;
			shellPath = /bin/sh;
			shellScript = "\"${PODS_ROOT}/Target Support Files/Pods-Instagram/Pods-Instagram-frameworks.sh\"\n";
			showEnvVarsInLog = 0;
		};
/* End PBXShellScriptBuildPhase section */

/* Begin PBXSourcesBuildPhase section */
		F055C164286A0BD70037DAB0 /* Sources */ = {
			isa = PBXSourcesBuildPhase;
			buildActionMask = 2147483647;
			files = (
				F055C1AB286A228B0037DAB0 /* LoginViewController.m in Sources */,
				F055C1C4286A580E0037DAB0 /* DetailsViewController.m in Sources */,
				F055C1BE286A2D1B0037DAB0 /* User.m in Sources */,
				F055C1C1286A2FFF0037DAB0 /* ComposeViewController.m in Sources */,
				F055C1B4286A2BED0037DAB0 /* FeedCell.m in Sources */,
				F055C16D286A0BD70037DAB0 /* AppDelegate.m in Sources */,
				F055C17E286A0BD70037DAB0 /* main.m in Sources */,
				F055C1AE286A27900037DAB0 /* HomeViewController.m in Sources */,
				F055C170286A0BD70037DAB0 /* SceneDelegate.m in Sources */,
				F055C1D0286BB6990037DAB0 /* ProfileViewController.m in Sources */,
				F055C1C7286B5CB40037DAB0 /* DetailsView.m in Sources */,
				F055C1E1286D15C70037DAB0 /* FeedHeaderView.m in Sources */,
				F055C1BA286A2CAA0037DAB0 /* Post.m in Sources */,
				F055C1CD286B7E030037DAB0 /* FeedTableViewController.m in Sources */,
			);
			runOnlyForDeploymentPostprocessing = 0;
		};
		F055C17F286A0BD80037DAB0 /* Sources */ = {
			isa = PBXSourcesBuildPhase;
			buildActionMask = 2147483647;
			files = (
				F055C188286A0BD80037DAB0 /* InstagramTests.m in Sources */,
			);
			runOnlyForDeploymentPostprocessing = 0;
		};
		F055C189286A0BD80037DAB0 /* Sources */ = {
			isa = PBXSourcesBuildPhase;
			buildActionMask = 2147483647;
			files = (
				F055C192286A0BD80037DAB0 /* InstagramUITests.m in Sources */,
				F055C194286A0BD80037DAB0 /* InstagramUITestsLaunchTests.m in Sources */,
			);
			runOnlyForDeploymentPostprocessing = 0;
		};
/* End PBXSourcesBuildPhase section */

/* Begin PBXTargetDependency section */
		F055C185286A0BD80037DAB0 /* PBXTargetDependency */ = {
			isa = PBXTargetDependency;
			target = F055C167286A0BD70037DAB0 /* Instagram */;
			targetProxy = F055C184286A0BD80037DAB0 /* PBXContainerItemProxy */;
		};
		F055C18F286A0BD80037DAB0 /* PBXTargetDependency */ = {
			isa = PBXTargetDependency;
			target = F055C167286A0BD70037DAB0 /* Instagram */;
			targetProxy = F055C18E286A0BD80037DAB0 /* PBXContainerItemProxy */;
		};
/* End PBXTargetDependency section */

/* Begin PBXVariantGroup section */
		F055C174286A0BD70037DAB0 /* Main.storyboard */ = {
			isa = PBXVariantGroup;
			children = (
				F055C175286A0BD70037DAB0 /* Base */,
			);
			name = Main.storyboard;
			sourceTree = "<group>";
		};
		F055C179286A0BD70037DAB0 /* LaunchScreen.storyboard */ = {
			isa = PBXVariantGroup;
			children = (
				F055C17A286A0BD70037DAB0 /* Base */,
			);
			name = LaunchScreen.storyboard;
			sourceTree = "<group>";
		};
/* End PBXVariantGroup section */

/* Begin XCBuildConfiguration section */
		F055C195286A0BD80037DAB0 /* Debug */ = {
			isa = XCBuildConfiguration;
			buildSettings = {
				ALWAYS_SEARCH_USER_PATHS = NO;
				CLANG_ANALYZER_NONNULL = YES;
				CLANG_ANALYZER_NUMBER_OBJECT_CONVERSION = YES_AGGRESSIVE;
				CLANG_CXX_LANGUAGE_STANDARD = "gnu++17";
				CLANG_ENABLE_MODULES = YES;
				CLANG_ENABLE_OBJC_ARC = YES;
				CLANG_ENABLE_OBJC_WEAK = YES;
				CLANG_WARN_BLOCK_CAPTURE_AUTORELEASING = YES;
				CLANG_WARN_BOOL_CONVERSION = YES;
				CLANG_WARN_COMMA = YES;
				CLANG_WARN_CONSTANT_CONVERSION = YES;
				CLANG_WARN_DEPRECATED_OBJC_IMPLEMENTATIONS = YES;
				CLANG_WARN_DIRECT_OBJC_ISA_USAGE = YES_ERROR;
				CLANG_WARN_DOCUMENTATION_COMMENTS = YES;
				CLANG_WARN_EMPTY_BODY = YES;
				CLANG_WARN_ENUM_CONVERSION = YES;
				CLANG_WARN_INFINITE_RECURSION = YES;
				CLANG_WARN_INT_CONVERSION = YES;
				CLANG_WARN_NON_LITERAL_NULL_CONVERSION = YES;
				CLANG_WARN_OBJC_IMPLICIT_RETAIN_SELF = YES;
				CLANG_WARN_OBJC_LITERAL_CONVERSION = YES;
				CLANG_WARN_OBJC_ROOT_CLASS = YES_ERROR;
				CLANG_WARN_QUOTED_INCLUDE_IN_FRAMEWORK_HEADER = YES;
				CLANG_WARN_RANGE_LOOP_ANALYSIS = YES;
				CLANG_WARN_STRICT_PROTOTYPES = YES;
				CLANG_WARN_SUSPICIOUS_MOVE = YES;
				CLANG_WARN_UNGUARDED_AVAILABILITY = YES_AGGRESSIVE;
				CLANG_WARN_UNREACHABLE_CODE = YES;
				CLANG_WARN__DUPLICATE_METHOD_MATCH = YES;
				COPY_PHASE_STRIP = NO;
				DEBUG_INFORMATION_FORMAT = dwarf;
				ENABLE_STRICT_OBJC_MSGSEND = YES;
				ENABLE_TESTABILITY = YES;
				GCC_C_LANGUAGE_STANDARD = gnu11;
				GCC_DYNAMIC_NO_PIC = NO;
				GCC_NO_COMMON_BLOCKS = YES;
				GCC_OPTIMIZATION_LEVEL = 0;
				GCC_PREPROCESSOR_DEFINITIONS = (
					"DEBUG=1",
					"$(inherited)",
				);
				GCC_WARN_64_TO_32_BIT_CONVERSION = YES;
				GCC_WARN_ABOUT_RETURN_TYPE = YES_ERROR;
				GCC_WARN_UNDECLARED_SELECTOR = YES;
				GCC_WARN_UNINITIALIZED_AUTOS = YES_AGGRESSIVE;
				GCC_WARN_UNUSED_FUNCTION = YES;
				GCC_WARN_UNUSED_VARIABLE = YES;
				IPHONEOS_DEPLOYMENT_TARGET = 15.5;
				MTL_ENABLE_DEBUG_INFO = INCLUDE_SOURCE;
				MTL_FAST_MATH = YES;
				ONLY_ACTIVE_ARCH = YES;
				SDKROOT = iphoneos;
			};
			name = Debug;
		};
		F055C196286A0BD80037DAB0 /* Release */ = {
			isa = XCBuildConfiguration;
			buildSettings = {
				ALWAYS_SEARCH_USER_PATHS = NO;
				CLANG_ANALYZER_NONNULL = YES;
				CLANG_ANALYZER_NUMBER_OBJECT_CONVERSION = YES_AGGRESSIVE;
				CLANG_CXX_LANGUAGE_STANDARD = "gnu++17";
				CLANG_ENABLE_MODULES = YES;
				CLANG_ENABLE_OBJC_ARC = YES;
				CLANG_ENABLE_OBJC_WEAK = YES;
				CLANG_WARN_BLOCK_CAPTURE_AUTORELEASING = YES;
				CLANG_WARN_BOOL_CONVERSION = YES;
				CLANG_WARN_COMMA = YES;
				CLANG_WARN_CONSTANT_CONVERSION = YES;
				CLANG_WARN_DEPRECATED_OBJC_IMPLEMENTATIONS = YES;
				CLANG_WARN_DIRECT_OBJC_ISA_USAGE = YES_ERROR;
				CLANG_WARN_DOCUMENTATION_COMMENTS = YES;
				CLANG_WARN_EMPTY_BODY = YES;
				CLANG_WARN_ENUM_CONVERSION = YES;
				CLANG_WARN_INFINITE_RECURSION = YES;
				CLANG_WARN_INT_CONVERSION = YES;
				CLANG_WARN_NON_LITERAL_NULL_CONVERSION = YES;
				CLANG_WARN_OBJC_IMPLICIT_RETAIN_SELF = YES;
				CLANG_WARN_OBJC_LITERAL_CONVERSION = YES;
				CLANG_WARN_OBJC_ROOT_CLASS = YES_ERROR;
				CLANG_WARN_QUOTED_INCLUDE_IN_FRAMEWORK_HEADER = YES;
				CLANG_WARN_RANGE_LOOP_ANALYSIS = YES;
				CLANG_WARN_STRICT_PROTOTYPES = YES;
				CLANG_WARN_SUSPICIOUS_MOVE = YES;
				CLANG_WARN_UNGUARDED_AVAILABILITY = YES_AGGRESSIVE;
				CLANG_WARN_UNREACHABLE_CODE = YES;
				CLANG_WARN__DUPLICATE_METHOD_MATCH = YES;
				COPY_PHASE_STRIP = NO;
				DEBUG_INFORMATION_FORMAT = "dwarf-with-dsym";
				ENABLE_NS_ASSERTIONS = NO;
				ENABLE_STRICT_OBJC_MSGSEND = YES;
				GCC_C_LANGUAGE_STANDARD = gnu11;
				GCC_NO_COMMON_BLOCKS = YES;
				GCC_WARN_64_TO_32_BIT_CONVERSION = YES;
				GCC_WARN_ABOUT_RETURN_TYPE = YES_ERROR;
				GCC_WARN_UNDECLARED_SELECTOR = YES;
				GCC_WARN_UNINITIALIZED_AUTOS = YES_AGGRESSIVE;
				GCC_WARN_UNUSED_FUNCTION = YES;
				GCC_WARN_UNUSED_VARIABLE = YES;
				IPHONEOS_DEPLOYMENT_TARGET = 15.5;
				MTL_ENABLE_DEBUG_INFO = NO;
				MTL_FAST_MATH = YES;
				SDKROOT = iphoneos;
				VALIDATE_PRODUCT = YES;
			};
			name = Release;
		};
		F055C198286A0BD80037DAB0 /* Debug */ = {
			isa = XCBuildConfiguration;
			baseConfigurationReference = 73892F7C7AF6ADC0450DC793 /* Pods-Instagram.debug.xcconfig */;
			buildSettings = {
				ASSETCATALOG_COMPILER_APPICON_NAME = AppIcon;
				ASSETCATALOG_COMPILER_GLOBAL_ACCENT_COLOR_NAME = AccentColor;
				CODE_SIGN_STYLE = Automatic;
				CURRENT_PROJECT_VERSION = 1;
				DEVELOPMENT_TEAM = Z5SZ8N67M2;
				GENERATE_INFOPLIST_FILE = YES;
				INFOPLIST_FILE = Instagram/Info.plist;
				INFOPLIST_KEY_NSCameraUsageDescription = "Need camera access to take pictures";
				INFOPLIST_KEY_NSPhotoLibraryUsageDescription = "Need library access to upload images";
				INFOPLIST_KEY_UIApplicationSupportsIndirectInputEvents = YES;
				INFOPLIST_KEY_UILaunchStoryboardName = LaunchScreen;
				INFOPLIST_KEY_UIMainStoryboardFile = Main;
				INFOPLIST_KEY_UISupportedInterfaceOrientations_iPad = "UIInterfaceOrientationPortrait UIInterfaceOrientationPortraitUpsideDown UIInterfaceOrientationLandscapeLeft UIInterfaceOrientationLandscapeRight";
				INFOPLIST_KEY_UISupportedInterfaceOrientations_iPhone = "UIInterfaceOrientationPortrait UIInterfaceOrientationLandscapeLeft UIInterfaceOrientationLandscapeRight";
				IPHONEOS_DEPLOYMENT_TARGET = 15.1;
				LD_RUNPATH_SEARCH_PATHS = (
					"$(inherited)",
					"@executable_path/Frameworks",
				);
				MARKETING_VERSION = 1.0;
				PRODUCT_BUNDLE_IDENTIFIER = com.codepath.Instagram.czlu;
				PRODUCT_NAME = "$(TARGET_NAME)";
				SWIFT_EMIT_LOC_STRINGS = YES;
				TARGETED_DEVICE_FAMILY = "1,2";
			};
			name = Debug;
		};
		F055C199286A0BD80037DAB0 /* Release */ = {
			isa = XCBuildConfiguration;
			baseConfigurationReference = 9A3881AE620A7740EAB227F8 /* Pods-Instagram.release.xcconfig */;
			buildSettings = {
				ASSETCATALOG_COMPILER_APPICON_NAME = AppIcon;
				ASSETCATALOG_COMPILER_GLOBAL_ACCENT_COLOR_NAME = AccentColor;
				CODE_SIGN_STYLE = Automatic;
				CURRENT_PROJECT_VERSION = 1;
				DEVELOPMENT_TEAM = Z5SZ8N67M2;
				GENERATE_INFOPLIST_FILE = YES;
				INFOPLIST_FILE = Instagram/Info.plist;
				INFOPLIST_KEY_NSCameraUsageDescription = "Need camera access to take pictures";
				INFOPLIST_KEY_NSPhotoLibraryUsageDescription = "Need library access to upload images";
				INFOPLIST_KEY_UIApplicationSupportsIndirectInputEvents = YES;
				INFOPLIST_KEY_UILaunchStoryboardName = LaunchScreen;
				INFOPLIST_KEY_UIMainStoryboardFile = Main;
				INFOPLIST_KEY_UISupportedInterfaceOrientations_iPad = "UIInterfaceOrientationPortrait UIInterfaceOrientationPortraitUpsideDown UIInterfaceOrientationLandscapeLeft UIInterfaceOrientationLandscapeRight";
				INFOPLIST_KEY_UISupportedInterfaceOrientations_iPhone = "UIInterfaceOrientationPortrait UIInterfaceOrientationLandscapeLeft UIInterfaceOrientationLandscapeRight";
				IPHONEOS_DEPLOYMENT_TARGET = 15.1;
				LD_RUNPATH_SEARCH_PATHS = (
					"$(inherited)",
					"@executable_path/Frameworks",
				);
				MARKETING_VERSION = 1.0;
				PRODUCT_BUNDLE_IDENTIFIER = com.codepath.Instagram.czlu;
				PRODUCT_NAME = "$(TARGET_NAME)";
				SWIFT_EMIT_LOC_STRINGS = YES;
				TARGETED_DEVICE_FAMILY = "1,2";
			};
			name = Release;
		};
		F055C19B286A0BD80037DAB0 /* Debug */ = {
			isa = XCBuildConfiguration;
			baseConfigurationReference = 93DEB7AD4D694C29703E8780 /* Pods-InstagramTests.debug.xcconfig */;
			buildSettings = {
				BUNDLE_LOADER = "$(TEST_HOST)";
				CODE_SIGN_STYLE = Automatic;
				CURRENT_PROJECT_VERSION = 1;
				GENERATE_INFOPLIST_FILE = YES;
				IPHONEOS_DEPLOYMENT_TARGET = 15.5;
				MARKETING_VERSION = 1.0;
				PRODUCT_BUNDLE_IDENTIFIER = com.codepath.InstagramTests;
				PRODUCT_NAME = "$(TARGET_NAME)";
				SWIFT_EMIT_LOC_STRINGS = NO;
				TARGETED_DEVICE_FAMILY = "1,2";
				TEST_HOST = "$(BUILT_PRODUCTS_DIR)/Instagram.app/Instagram";
			};
			name = Debug;
		};
		F055C19C286A0BD80037DAB0 /* Release */ = {
			isa = XCBuildConfiguration;
			baseConfigurationReference = 8DA777CDB08E36C56D373D00 /* Pods-InstagramTests.release.xcconfig */;
			buildSettings = {
				BUNDLE_LOADER = "$(TEST_HOST)";
				CODE_SIGN_STYLE = Automatic;
				CURRENT_PROJECT_VERSION = 1;
				GENERATE_INFOPLIST_FILE = YES;
				IPHONEOS_DEPLOYMENT_TARGET = 15.5;
				MARKETING_VERSION = 1.0;
				PRODUCT_BUNDLE_IDENTIFIER = com.codepath.InstagramTests;
				PRODUCT_NAME = "$(TARGET_NAME)";
				SWIFT_EMIT_LOC_STRINGS = NO;
				TARGETED_DEVICE_FAMILY = "1,2";
				TEST_HOST = "$(BUILT_PRODUCTS_DIR)/Instagram.app/Instagram";
			};
			name = Release;
		};
		F055C19E286A0BD80037DAB0 /* Debug */ = {
			isa = XCBuildConfiguration;
			baseConfigurationReference = 8E4AC9977F5140714F478546 /* Pods-Instagram-InstagramUITests.debug.xcconfig */;
			buildSettings = {
				CODE_SIGN_STYLE = Automatic;
				CURRENT_PROJECT_VERSION = 1;
				GENERATE_INFOPLIST_FILE = YES;
				MARKETING_VERSION = 1.0;
				PRODUCT_BUNDLE_IDENTIFIER = com.codepath.InstagramUITests;
				PRODUCT_NAME = "$(TARGET_NAME)";
				SWIFT_EMIT_LOC_STRINGS = NO;
				TARGETED_DEVICE_FAMILY = "1,2";
				TEST_TARGET_NAME = Instagram;
			};
			name = Debug;
		};
		F055C19F286A0BD80037DAB0 /* Release */ = {
			isa = XCBuildConfiguration;
			baseConfigurationReference = 31BEC0CED12E98870927385C /* Pods-Instagram-InstagramUITests.release.xcconfig */;
			buildSettings = {
				CODE_SIGN_STYLE = Automatic;
				CURRENT_PROJECT_VERSION = 1;
				GENERATE_INFOPLIST_FILE = YES;
				MARKETING_VERSION = 1.0;
				PRODUCT_BUNDLE_IDENTIFIER = com.codepath.InstagramUITests;
				PRODUCT_NAME = "$(TARGET_NAME)";
				SWIFT_EMIT_LOC_STRINGS = NO;
				TARGETED_DEVICE_FAMILY = "1,2";
				TEST_TARGET_NAME = Instagram;
			};
			name = Release;
		};
/* End XCBuildConfiguration section */

/* Begin XCConfigurationList section */
		F055C163286A0BD70037DAB0 /* Build configuration list for PBXProject "Instagram" */ = {
			isa = XCConfigurationList;
			buildConfigurations = (
				F055C195286A0BD80037DAB0 /* Debug */,
				F055C196286A0BD80037DAB0 /* Release */,
			);
			defaultConfigurationIsVisible = 0;
			defaultConfigurationName = Release;
		};
		F055C197286A0BD80037DAB0 /* Build configuration list for PBXNativeTarget "Instagram" */ = {
			isa = XCConfigurationList;
			buildConfigurations = (
				F055C198286A0BD80037DAB0 /* Debug */,
				F055C199286A0BD80037DAB0 /* Release */,
			);
			defaultConfigurationIsVisible = 0;
			defaultConfigurationName = Release;
		};
		F055C19A286A0BD80037DAB0 /* Build configuration list for PBXNativeTarget "InstagramTests" */ = {
			isa = XCConfigurationList;
			buildConfigurations = (
				F055C19B286A0BD80037DAB0 /* Debug */,
				F055C19C286A0BD80037DAB0 /* Release */,
			);
			defaultConfigurationIsVisible = 0;
			defaultConfigurationName = Release;
		};
		F055C19D286A0BD80037DAB0 /* Build configuration list for PBXNativeTarget "InstagramUITests" */ = {
			isa = XCConfigurationList;
			buildConfigurations = (
				F055C19E286A0BD80037DAB0 /* Debug */,
				F055C19F286A0BD80037DAB0 /* Release */,
			);
			defaultConfigurationIsVisible = 0;
			defaultConfigurationName = Release;
		};
/* End XCConfigurationList section */
	};
	rootObject = F055C160286A0BD70037DAB0 /* Project object */;
}
